
Microsoft Visual Studio Solution File, Format Version 12.00
# Visual Studio 15
VisualStudioVersion = 15.0.28010.2026
MinimumVisualStudioVersion = 10.0.40219.1
Project("{8BC9CEB8-8B4A-11D0-8D11-00A0C91BC942}") = "lab4_1", "lab4_1\lab4_1.vcxproj", "{506B7ED1-9E79-42BB-81E2-08748823FFD7}"
EndProject
Project("{8BC9CEB8-8B4A-11D0-8D11-00A0C91BC942}") = "lab4_2", "lab4_2\lab4_2.vcxproj", "{105F76B6-BE3F-4551-9AFE-81CD547C4E82}"
EndProject
Project("{8BC9CEB8-8B4A-11D0-8D11-00A0C91BC942}") = "Lab4_5", "Lab4_5\Lab4_5.vcxproj", "{B5324DC1-E06A-4FEE-B432-6F05F78C5E4E}"
EndProject
Project("{8BC9CEB8-8B4A-11D0-8D11-00A0C91BC942}") = "lab4_3", "lab4_3\lab4_3.vcxproj", "{95153E52-8E03-4838-A8CE-46A84C74E556}"
EndProject
Project("{8BC9CEB8-8B4A-11D0-8D11-00A0C91BC942}") = "Lab4_4v2", "Lab4_4v2\Lab4_4v2.vcxproj", "{4AFFCDBF-C3EF-42F6-AD74-5D92147A963F}"
EndProject
Global
	GlobalSection(SolutionConfigurationPlatforms) = preSolution
		Debug|x64 = Debug|x64
		Debug|x86 = Debug|x86
		Release|x64 = Release|x64
		Release|x86 = Release|x86
	EndGlobalSection
	GlobalSection(ProjectConfigurationPlatforms) = postSolution
		{506B7ED1-9E79-42BB-81E2-08748823FFD7}.Debug|x64.ActiveCfg = Debug|x64
		{506B7ED1-9E79-42BB-81E2-08748823FFD7}.Debug|x64.Build.0 = Debug|x64
		{506B7ED1-9E79-42BB-81E2-08748823FFD7}.Debug|x86.ActiveCfg = Debug|Win32
		{506B7ED1-9E79-42BB-81E2-08748823FFD7}.Debug|x86.Build.0 = Debug|Win32
		{506B7ED1-9E79-42BB-81E2-08748823FFD7}.Release|x64.ActiveCfg = Release|x64
		{506B7ED1-9E79-42BB-81E2-08748823FFD7}.Release|x64.Build.0 = Release|x64
		{506B7ED1-9E79-42BB-81E2-08748823FFD7}.Release|x86.ActiveCfg = Release|Win32
		{506B7ED1-9E79-42BB-81E2-08748823FFD7}.Release|x86.Build.0 = Release|Win32
		{105F76B6-BE3F-4551-9AFE-81CD547C4E82}.Debug|x64.ActiveCfg = Debug|x64
		{105F76B6-BE3F-4551-9AFE-81CD547C4E82}.Debug|x64.Build.0 = Debug|x64
		{105F76B6-BE3F-4551-9AFE-81CD547C4E82}.Debug|x86.ActiveCfg = Debug|Win32
		{105F76B6-BE3F-4551-9AFE-81CD547C4E82}.Debug|x86.Build.0 = Debug|Win32
		{105F76B6-BE3F-4551-9AFE-81CD547C4E82}.Release|x64.ActiveCfg = Release|x64
		{105F76B6-BE3F-4551-9AFE-81CD547C4E82}.Release|x64.Build.0 = Release|x64
		{105F76B6-BE3F-4551-9AFE-81CD547C4E82}.Release|x86.ActiveCfg = Release|Win32
		{105F76B6-BE3F-4551-9AFE-81CD547C4E82}.Release|x86.Build.0 = Release|Win32
		{B5324DC1-E06A-4FEE-B432-6F05F78C5E4E}.Debug|x64.ActiveCfg = Debug|x64
		{B5324DC1-E06A-4FEE-B432-6F05F78C5E4E}.Debug|x64.Build.0 = Debug|x64
		{B5324DC1-E06A-4FEE-B432-6F05F78C5E4E}.Debug|x86.ActiveCfg = Debug|Win32
		{B5324DC1-E06A-4FEE-B432-6F05F78C5E4E}.Debug|x86.Build.0 = Debug|Win32
		{B5324DC1-E06A-4FEE-B432-6F05F78C5E4E}.Release|x64.ActiveCfg = Release|x64
		{B5324DC1-E06A-4FEE-B432-6F05F78C5E4E}.Release|x64.Build.0 = Release|x64
		{B5324DC1-E06A-4FEE-B432-6F05F78C5E4E}.Release|x86.ActiveCfg = Release|Win32
		{B5324DC1-E06A-4FEE-B432-6F05F78C5E4E}.Release|x86.Build.0 = Release|Win32
		{95153E52-8E03-4838-A8CE-46A84C74E556}.Debug|x64.ActiveCfg = Debug|x64
		{95153E52-8E03-4838-A8CE-46A84C74E556}.Debug|x64.Build.0 = Debug|x64
		{95153E52-8E03-4838-A8CE-46A84C74E556}.Debug|x86.ActiveCfg = Debug|Win32
		{95153E52-8E03-4838-A8CE-46A84C74E556}.Debug|x86.Build.0 = Debug|Win32
		{95153E52-8E03-4838-A8CE-46A84C74E556}.Release|x64.ActiveCfg = Release|x64
		{95153E52-8E03-4838-A8CE-46A84C74E556}.Release|x64.Build.0 = Release|x64
		{95153E52-8E03-4838-A8CE-46A84C74E556}.Release|x86.ActiveCfg = Release|Win32
		{95153E52-8E03-4838-A8CE-46A84C74E556}.Release|x86.Build.0 = Release|Win32
		{4AFFCDBF-C3EF-42F6-AD74-5D92147A963F}.Debug|x64.ActiveCfg = Debug|x64
		{4AFFCDBF-C3EF-42F6-AD74-5D92147A963F}.Debug|x64.Build.0 = Debug|x64
		{4AFFCDBF-C3EF-42F6-AD74-5D92147A963F}.Debug|x86.ActiveCfg = Debug|Win32
		{4AFFCDBF-C3EF-42F6-AD74-5D92147A963F}.Debug|x86.Build.0 = Debug|Win32
		{4AFFCDBF-C3EF-42F6-AD74-5D92147A963F}.Release|x64.ActiveCfg = Release|x64
		{4AFFCDBF-C3EF-42F6-AD74-5D92147A963F}.Release|x64.Build.0 = Release|x64
		{4AFFCDBF-C3EF-42F6-AD74-5D92147A963F}.Release|x86.ActiveCfg = Release|Win32
		{4AFFCDBF-C3EF-42F6-AD74-5D92147A963F}.Release|x86.Build.0 = Release|Win32
	EndGlobalSection
	GlobalSection(SolutionProperties) = preSolution
		HideSolutionNode = FALSE
	EndGlobalSection
	GlobalSection(ExtensibilityGlobals) = postSolution
		SolutionGuid = {3B9E2DAC-34CD-4CC7-8041-FED5ECD0FFAA}
	EndGlobalSection
EndGlobal
